
Microsoft Visual Studio Solution File, Format Version 12.00
# Visual Studio 15
VisualStudioVersion = 15.0.27130.2027
MinimumVisualStudioVersion = 10.0.40219.1
Project("{FAE04EC0-301F-11D3-BF4B-00C04F79EFBC}") = "WebAtividadeEntrevista", "FI.WebAtividadeEntrevista\WebAtividadeEntrevista.csproj", "{465BF3DA-5F32-456E-95C5-DD9CBF4B3A2D}"
EndProject
Project("{FAE04EC0-301F-11D3-BF4B-00C04F79EFBC}") = "FI.AtividadeEntrevista", "FI.AtividadeEntrevista\FI.AtividadeEntrevista.csproj", "{38EFE996-02D9-4D78-B084-F3B5602E6ED2}"
EndProject
Global
	GlobalSection(SolutionConfigurationPlatforms) = preSolution
		Debug|Any CPU = Debug|Any CPU
		Release|Any CPU = Release|Any CPU
	EndGlobalSection
	GlobalSection(ProjectConfigurationPlatforms) = postSolution
		{465BF3DA-5F32-456E-95C5-DD9CBF4B3A2D}.Debug|Any CPU.ActiveCfg = Debug|Any CPU
		{465BF3DA-5F32-456E-95C5-DD9CBF4B3A2D}.Debug|Any CPU.Build.0 = Debug|Any CPU
		{465BF3DA-5F32-456E-95C5-DD9CBF4B3A2D}.Release|Any CPU.ActiveCfg = Release|Any CPU
		{465BF3DA-5F32-456E-95C5-DD9CBF4B3A2D}.Release|Any CPU.Build.0 = Release|Any CPU
		{38EFE996-02D9-4D78-B084-F3B5602E6ED2}.Debug|Any CPU.ActiveCfg = Debug|Any CPU
		{38EFE996-02D9-4D78-B084-F3B5602E6ED2}.Debug|Any CPU.Build.0 = Debug|Any CPU
		{38EFE996-02D9-4D78-B084-F3B5602E6ED2}.Release|Any CPU.ActiveCfg = Release|Any CPU
		{38EFE996-02D9-4D78-B084-F3B5602E6ED2}.Release|Any CPU.Build.0 = Release|Any CPU
	EndGlobalSection
	GlobalSection(SolutionProperties) = preSolution
		HideSolutionNode = FALSE
	EndGlobalSection
	GlobalSection(ExtensibilityGlobals) = postSolution
		SolutionGuid = {24774071-7559-45CD-AB89-CB0E0213E820}
	EndGlobalSection
EndGlobal
